
Microsoft Visual Studio Solution File, Format Version 12.00
# Visual Studio Version 17
VisualStudioVersion = 17.6.33717.318
MinimumVisualStudioVersion = 10.0.40219.1
Project("{FAE04EC0-301F-11D3-BF4B-00C04F79EFBC}") = "TP SIM V2", "TP SIM V2\TP SIM V2.csproj", "{A1A164A6-9F08-4DA7-B6E8-B39F79AFBBA5}"
EndProject
Global
	GlobalSection(SolutionConfigurationPlatforms) = preSolution
		Debug|Any CPU = Debug|Any CPU
		Release|Any CPU = Release|Any CPU
	EndGlobalSection
	GlobalSection(ProjectConfigurationPlatforms) = postSolution
		{A1A164A6-9F08-4DA7-B6E8-B39F79AFBBA5}.Debug|Any CPU.ActiveCfg = Debug|Any CPU
		{A1A164A6-9F08-4DA7-B6E8-B39F79AFBBA5}.Debug|Any CPU.Build.0 = Debug|Any CPU
		{A1A164A6-9F08-4DA7-B6E8-B39F79AFBBA5}.Release|Any CPU.ActiveCfg = Release|Any CPU
		{A1A164A6-9F08-4DA7-B6E8-B39F79AFBBA5}.Release|Any CPU.Build.0 = Release|Any CPU
	EndGlobalSection
	GlobalSection(SolutionProperties) = preSolution
		HideSolutionNode = FALSE
	EndGlobalSection
	GlobalSection(ExtensibilityGlobals) = postSolution
		SolutionGuid = {09B1D24C-AD1E-4930-B821-191AFB5AB1A5}
	EndGlobalSection
EndGlobal
